
Microsoft Visual Studio Solution File, Format Version 12.00
# Visual Studio Version 17
VisualStudioVersion = 17.7.34003.232
MinimumVisualStudioVersion = 10.0.40219.1
Project("{FAE04EC0-301F-11D3-BF4B-00C04F79EFBC}") = "WebApplication1", "WebApplication1\WebApplication1.csproj", "{416D609A-8A9E-41CC-B6DB-D18FF2250A1D}"
EndProject
Global
	GlobalSection(SolutionConfigurationPlatforms) = preSolution
		Debug|Any CPU = Debug|Any CPU
		Release|Any CPU = Release|Any CPU
	EndGlobalSection
	GlobalSection(ProjectConfigurationPlatforms) = postSolution
		{416D609A-8A9E-41CC-B6DB-D18FF2250A1D}.Debug|Any CPU.ActiveCfg = Debug|Any CPU
		{416D609A-8A9E-41CC-B6DB-D18FF2250A1D}.Debug|Any CPU.Build.0 = Debug|Any CPU
		{416D609A-8A9E-41CC-B6DB-D18FF2250A1D}.Release|Any CPU.ActiveCfg = Release|Any CPU
		{416D609A-8A9E-41CC-B6DB-D18FF2250A1D}.Release|Any CPU.Build.0 = Release|Any CPU
	EndGlobalSection
	GlobalSection(SolutionProperties) = preSolution
		HideSolutionNode = FALSE
	EndGlobalSection
	GlobalSection(ExtensibilityGlobals) = postSolution
		SolutionGuid = {6622DCD2-9BA1-494D-AFF3-EA026061DA74}
	EndGlobalSection
EndGlobal
